
Microsoft Visual Studio Solution File, Format Version 12.00
# Visual Studio 2013
VisualStudioVersion = 12.0.30501.0
MinimumVisualStudioVersion = 10.0.40219.1
Project("{FAE04EC0-301F-11D3-BF4B-00C04F79EFBC}") = "CoursesAndroid", "CoursesAndroid\CoursesAndroid.csproj", "{3C0CF6AD-C55F-4F69-A161-DE1B7F562C6F}"
EndProject
Project("{FAE04EC0-301F-11D3-BF4B-00C04F79EFBC}") = "CoursesiOS", "CoursesiOS\CoursesiOS.csproj", "{F4205629-9581-4147-97BE-36F59AA149B3}"
EndProject
Project("{FAE04EC0-301F-11D3-BF4B-00C04F79EFBC}") = "CoursesLibrary", "CoursesLibrary\CoursesLibrary.csproj", "{AD019710-74CB-48F9-AC73-A0508E7860FE}"
EndProject
Global
	GlobalSection(SolutionConfigurationPlatforms) = preSolution
		Ad-Hoc|Any CPU = Ad-Hoc|Any CPU
		Ad-Hoc|iPhone = Ad-Hoc|iPhone
		Ad-Hoc|iPhoneSimulator = Ad-Hoc|iPhoneSimulator
		Ad-Hoc|Mixed Platforms = Ad-Hoc|Mixed Platforms
		AppStore|Any CPU = AppStore|Any CPU
		AppStore|iPhone = AppStore|iPhone
		AppStore|iPhoneSimulator = AppStore|iPhoneSimulator
		AppStore|Mixed Platforms = AppStore|Mixed Platforms
		Debug iOS|Any CPU = Debug iOS|Any CPU
		Debug iOS|iPhone = Debug iOS|iPhone
		Debug iOS|iPhoneSimulator = Debug iOS|iPhoneSimulator
		Debug iOS|Mixed Platforms = Debug iOS|Mixed Platforms
		Debug|Any CPU = Debug|Any CPU
		Debug|iPhone = Debug|iPhone
		Debug|iPhoneSimulator = Debug|iPhoneSimulator
		Debug|Mixed Platforms = Debug|Mixed Platforms
		Release|Any CPU = Release|Any CPU
		Release|iPhone = Release|iPhone
		Release|iPhoneSimulator = Release|iPhoneSimulator
		Release|Mixed Platforms = Release|Mixed Platforms
	EndGlobalSection
	GlobalSection(ProjectConfigurationPlatforms) = postSolution
		{3C0CF6AD-C55F-4F69-A161-DE1B7F562C6F}.Ad-Hoc|Any CPU.ActiveCfg = Release|Any CPU
		{3C0CF6AD-C55F-4F69-A161-DE1B7F562C6F}.Ad-Hoc|Any CPU.Build.0 = Release|Any CPU
		{3C0CF6AD-C55F-4F69-A161-DE1B7F562C6F}.Ad-Hoc|Any CPU.Deploy.0 = Release|Any CPU
		{3C0CF6AD-C55F-4F69-A161-DE1B7F562C6F}.Ad-Hoc|iPhone.ActiveCfg = Release|Any CPU
		{3C0CF6AD-C55F-4F69-A161-DE1B7F562C6F}.Ad-Hoc|iPhoneSimulator.ActiveCfg = Release|Any CPU
		{3C0CF6AD-C55F-4F69-A161-DE1B7F562C6F}.Ad-Hoc|Mixed Platforms.ActiveCfg = Release|Any CPU
		{3C0CF6AD-C55F-4F69-A161-DE1B7F562C6F}.Ad-Hoc|Mixed Platforms.Build.0 = Release|Any CPU
		{3C0CF6AD-C55F-4F69-A161-DE1B7F562C6F}.Ad-Hoc|Mixed Platforms.Deploy.0 = Release|Any CPU
		{3C0CF6AD-C55F-4F69-A161-DE1B7F562C6F}.AppStore|Any CPU.ActiveCfg = Release|Any CPU
		{3C0CF6AD-C55F-4F69-A161-DE1B7F562C6F}.AppStore|Any CPU.Build.0 = Release|Any CPU
		{3C0CF6AD-C55F-4F69-A161-DE1B7F562C6F}.AppStore|Any CPU.Deploy.0 = Release|Any CPU
		{3C0CF6AD-C55F-4F69-A161-DE1B7F562C6F}.AppStore|iPhone.ActiveCfg = Release|Any CPU
		{3C0CF6AD-C55F-4F69-A161-DE1B7F562C6F}.AppStore|iPhoneSimulator.ActiveCfg = Release|Any CPU
		{3C0CF6AD-C55F-4F69-A161-DE1B7F562C6F}.AppStore|Mixed Platforms.ActiveCfg = Release|Any CPU
		{3C0CF6AD-C55F-4F69-A161-DE1B7F562C6F}.AppStore|Mixed Platforms.Build.0 = Release|Any CPU
		{3C0CF6AD-C55F-4F69-A161-DE1B7F562C6F}.AppStore|Mixed Platforms.Deploy.0 = Release|Any CPU
		{3C0CF6AD-C55F-4F69-A161-DE1B7F562C6F}.Debug iOS|Any CPU.ActiveCfg = Debug iOS|Any CPU
		{3C0CF6AD-C55F-4F69-A161-DE1B7F562C6F}.Debug iOS|Any CPU.Build.0 = Debug iOS|Any CPU
		{3C0CF6AD-C55F-4F69-A161-DE1B7F562C6F}.Debug iOS|Any CPU.Deploy.0 = Debug iOS|Any CPU
		{3C0CF6AD-C55F-4F69-A161-DE1B7F562C6F}.Debug iOS|iPhone.ActiveCfg = Debug iOS|Any CPU
		{3C0CF6AD-C55F-4F69-A161-DE1B7F562C6F}.Debug iOS|iPhoneSimulator.ActiveCfg = Debug iOS|Any CPU
		{3C0CF6AD-C55F-4F69-A161-DE1B7F562C6F}.Debug iOS|Mixed Platforms.ActiveCfg = Debug iOS|Any CPU
		{3C0CF6AD-C55F-4F69-A161-DE1B7F562C6F}.Debug iOS|Mixed Platforms.Build.0 = Debug iOS|Any CPU
		{3C0CF6AD-C55F-4F69-A161-DE1B7F562C6F}.Debug|Any CPU.ActiveCfg = Debug|Any CPU
		{3C0CF6AD-C55F-4F69-A161-DE1B7F562C6F}.Debug|Any CPU.Build.0 = Debug|Any CPU
		{3C0CF6AD-C55F-4F69-A161-DE1B7F562C6F}.Debug|Any CPU.Deploy.0 = Debug|Any CPU
		{3C0CF6AD-C55F-4F69-A161-DE1B7F562C6F}.Debug|iPhone.ActiveCfg = Debug|Any CPU
		{3C0CF6AD-C55F-4F69-A161-DE1B7F562C6F}.Debug|iPhoneSimulator.ActiveCfg = Debug|Any CPU
		{3C0CF6AD-C55F-4F69-A161-DE1B7F562C6F}.Debug|iPhoneSimulator.Build.0 = Debug|Any CPU
		{3C0CF6AD-C55F-4F69-A161-DE1B7F562C6F}.Debug|iPhoneSimulator.Deploy.0 = Debug|Any CPU
		{3C0CF6AD-C55F-4F69-A161-DE1B7F562C6F}.Debug|Mixed Platforms.ActiveCfg = Debug|Any CPU
		{3C0CF6AD-C55F-4F69-A161-DE1B7F562C6F}.Debug|Mixed Platforms.Build.0 = Debug|Any CPU
		{3C0CF6AD-C55F-4F69-A161-DE1B7F562C6F}.Debug|Mixed Platforms.Deploy.0 = Debug|Any CPU
		{3C0CF6AD-C55F-4F69-A161-DE1B7F562C6F}.Release|Any CPU.ActiveCfg = Release|Any CPU
		{3C0CF6AD-C55F-4F69-A161-DE1B7F562C6F}.Release|Any CPU.Build.0 = Release|Any CPU
		{3C0CF6AD-C55F-4F69-A161-DE1B7F562C6F}.Release|Any CPU.Deploy.0 = Release|Any CPU
		{3C0CF6AD-C55F-4F69-A161-DE1B7F562C6F}.Release|iPhone.ActiveCfg = Release|Any CPU
		{3C0CF6AD-C55F-4F69-A161-DE1B7F562C6F}.Release|iPhoneSimulator.ActiveCfg = Release|Any CPU
		{3C0CF6AD-C55F-4F69-A161-DE1B7F562C6F}.Release|Mixed Platforms.ActiveCfg = Release|Any CPU
		{3C0CF6AD-C55F-4F69-A161-DE1B7F562C6F}.Release|Mixed Platforms.Build.0 = Release|Any CPU
		{3C0CF6AD-C55F-4F69-A161-DE1B7F562C6F}.Release|Mixed Platforms.Deploy.0 = Release|Any CPU
		{F4205629-9581-4147-97BE-36F59AA149B3}.Ad-Hoc|Any CPU.ActiveCfg = Ad-Hoc|iPhone
		{F4205629-9581-4147-97BE-36F59AA149B3}.Ad-Hoc|iPhone.ActiveCfg = Ad-Hoc|iPhone
		{F4205629-9581-4147-97BE-36F59AA149B3}.Ad-Hoc|iPhone.Build.0 = Ad-Hoc|iPhone
		{F4205629-9581-4147-97BE-36F59AA149B3}.Ad-Hoc|iPhone.Deploy.0 = Ad-Hoc|iPhone
		{F4205629-9581-4147-97BE-36F59AA149B3}.Ad-Hoc|iPhoneSimulator.ActiveCfg = Ad-Hoc|iPhoneSimulator
		{F4205629-9581-4147-97BE-36F59AA149B3}.Ad-Hoc|iPhoneSimulator.Build.0 = Ad-Hoc|iPhoneSimulator
		{F4205629-9581-4147-97BE-36F59AA149B3}.Ad-Hoc|iPhoneSimulator.Deploy.0 = Ad-Hoc|iPhoneSimulator
		{F4205629-9581-4147-97BE-36F59AA149B3}.Ad-Hoc|Mixed Platforms.ActiveCfg = Ad-Hoc|iPhone
		{F4205629-9581-4147-97BE-36F59AA149B3}.Ad-Hoc|Mixed Platforms.Build.0 = Ad-Hoc|iPhone
		{F4205629-9581-4147-97BE-36F59AA149B3}.Ad-Hoc|Mixed Platforms.Deploy.0 = Ad-Hoc|iPhone
		{F4205629-9581-4147-97BE-36F59AA149B3}.AppStore|Any CPU.ActiveCfg = AppStore|iPhone
		{F4205629-9581-4147-97BE-36F59AA149B3}.AppStore|iPhone.ActiveCfg = AppStore|iPhone
		{F4205629-9581-4147-97BE-36F59AA149B3}.AppStore|iPhone.Build.0 = AppStore|iPhone
		{F4205629-9581-4147-97BE-36F59AA149B3}.AppStore|iPhone.Deploy.0 = AppStore|iPhone
		{F4205629-9581-4147-97BE-36F59AA149B3}.AppStore|iPhoneSimulator.ActiveCfg = AppStore|iPhoneSimulator
		{F4205629-9581-4147-97BE-36F59AA149B3}.AppStore|iPhoneSimulator.Build.0 = AppStore|iPhoneSimulator
		{F4205629-9581-4147-97BE-36F59AA149B3}.AppStore|iPhoneSimulator.Deploy.0 = AppStore|iPhoneSimulator
		{F4205629-9581-4147-97BE-36F59AA149B3}.AppStore|Mixed Platforms.ActiveCfg = AppStore|iPhone
		{F4205629-9581-4147-97BE-36F59AA149B3}.AppStore|Mixed Platforms.Build.0 = AppStore|iPhone
		{F4205629-9581-4147-97BE-36F59AA149B3}.AppStore|Mixed Platforms.Deploy.0 = AppStore|iPhone
		{F4205629-9581-4147-97BE-36F59AA149B3}.Debug iOS|Any CPU.ActiveCfg = Debug iOS|iPhone
		{F4205629-9581-4147-97BE-36F59AA149B3}.Debug iOS|iPhone.ActiveCfg = Debug iOS|iPhone
		{F4205629-9581-4147-97BE-36F59AA149B3}.Debug iOS|iPhone.Build.0 = Debug iOS|iPhone
		{F4205629-9581-4147-97BE-36F59AA149B3}.Debug iOS|iPhone.Deploy.0 = Debug iOS|iPhone
		{F4205629-9581-4147-97BE-36F59AA149B3}.Debug iOS|iPhoneSimulator.ActiveCfg = Debug iOS|iPhoneSimulator
		{F4205629-9581-4147-97BE-36F59AA149B3}.Debug iOS|iPhoneSimulator.Build.0 = Debug iOS|iPhoneSimulator
		{F4205629-9581-4147-97BE-36F59AA149B3}.Debug iOS|iPhoneSimulator.Deploy.0 = Debug iOS|iPhoneSimulator
		{F4205629-9581-4147-97BE-36F59AA149B3}.Debug iOS|Mixed Platforms.ActiveCfg = Debug iOS|iPhoneSimulator
		{F4205629-9581-4147-97BE-36F59AA149B3}.Debug iOS|Mixed Platforms.Build.0 = Debug iOS|iPhoneSimulator
		{F4205629-9581-4147-97BE-36F59AA149B3}.Debug iOS|Mixed Platforms.Deploy.0 = Debug iOS|iPhoneSimulator
		{F4205629-9581-4147-97BE-36F59AA149B3}.Debug|Any CPU.ActiveCfg = Debug|iPhone
		{F4205629-9581-4147-97BE-36F59AA149B3}.Debug|iPhone.ActiveCfg = Debug|iPhone
		{F4205629-9581-4147-97BE-36F59AA149B3}.Debug|iPhone.Build.0 = Debug|iPhone
		{F4205629-9581-4147-97BE-36F59AA149B3}.Debug|iPhone.Deploy.0 = Debug|iPhone
		{F4205629-9581-4147-97BE-36F59AA149B3}.Debug|iPhoneSimulator.ActiveCfg = Debug|iPhoneSimulator
		{F4205629-9581-4147-97BE-36F59AA149B3}.Debug|iPhoneSimulator.Build.0 = Debug|iPhoneSimulator
		{F4205629-9581-4147-97BE-36F59AA149B3}.Debug|iPhoneSimulator.Deploy.0 = Debug|iPhoneSimulator
		{F4205629-9581-4147-97BE-36F59AA149B3}.Debug|Mixed Platforms.ActiveCfg = Debug|iPhoneSimulator
		{F4205629-9581-4147-97BE-36F59AA149B3}.Debug|Mixed Platforms.Build.0 = Debug|iPhoneSimulator
		{F4205629-9581-4147-97BE-36F59AA149B3}.Release|Any CPU.ActiveCfg = Release|iPhone
		{F4205629-9581-4147-97BE-36F59AA149B3}.Release|iPhone.ActiveCfg = Release|iPhone
		{F4205629-9581-4147-97BE-36F59AA149B3}.Release|iPhone.Build.0 = Release|iPhone
		{F4205629-9581-4147-97BE-36F59AA149B3}.Release|iPhone.Deploy.0 = Release|iPhone
		{F4205629-9581-4147-97BE-36F59AA149B3}.Release|iPhoneSimulator.ActiveCfg = Release|iPhoneSimulator
		{F4205629-9581-4147-97BE-36F59AA149B3}.Release|iPhoneSimulator.Build.0 = Release|iPhoneSimulator
		{F4205629-9581-4147-97BE-36F59AA149B3}.Release|iPhoneSimulator.Deploy.0 = Release|iPhoneSimulator
		{F4205629-9581-4147-97BE-36F59AA149B3}.Release|Mixed Platforms.ActiveCfg = Release|iPhone
		{F4205629-9581-4147-97BE-36F59AA149B3}.Release|Mixed Platforms.Build.0 = Release|iPhone
		{F4205629-9581-4147-97BE-36F59AA149B3}.Release|Mixed Platforms.Deploy.0 = Release|iPhone
		{AD019710-74CB-48F9-AC73-A0508E7860FE}.Ad-Hoc|Any CPU.ActiveCfg = Release|Any CPU
		{AD019710-74CB-48F9-AC73-A0508E7860FE}.Ad-Hoc|Any CPU.Build.0 = Release|Any CPU
		{AD019710-74CB-48F9-AC73-A0508E7860FE}.Ad-Hoc|iPhone.ActiveCfg = Release|Any CPU
		{AD019710-74CB-48F9-AC73-A0508E7860FE}.Ad-Hoc|iPhoneSimulator.ActiveCfg = Release|Any CPU
		{AD019710-74CB-48F9-AC73-A0508E7860FE}.Ad-Hoc|Mixed Platforms.ActiveCfg = Release|Any CPU
		{AD019710-74CB-48F9-AC73-A0508E7860FE}.Ad-Hoc|Mixed Platforms.Build.0 = Release|Any CPU
		{AD019710-74CB-48F9-AC73-A0508E7860FE}.AppStore|Any CPU.ActiveCfg = Release|Any CPU
		{AD019710-74CB-48F9-AC73-A0508E7860FE}.AppStore|Any CPU.Build.0 = Release|Any CPU
		{AD019710-74CB-48F9-AC73-A0508E7860FE}.AppStore|iPhone.ActiveCfg = Release|Any CPU
		{AD019710-74CB-48F9-AC73-A0508E7860FE}.AppStore|iPhoneSimulator.ActiveCfg = Release|Any CPU
		{AD019710-74CB-48F9-AC73-A0508E7860FE}.AppStore|Mixed Platforms.ActiveCfg = Release|Any CPU
		{AD019710-74CB-48F9-AC73-A0508E7860FE}.AppStore|Mixed Platforms.Build.0 = Release|Any CPU
		{AD019710-74CB-48F9-AC73-A0508E7860FE}.Debug iOS|Any CPU.ActiveCfg = Debug iOS|Any CPU
		{AD019710-74CB-48F9-AC73-A0508E7860FE}.Debug iOS|Any CPU.Build.0 = Debug iOS|Any CPU
		{AD019710-74CB-48F9-AC73-A0508E7860FE}.Debug iOS|iPhone.ActiveCfg = Debug iOS|Any CPU
		{AD019710-74CB-48F9-AC73-A0508E7860FE}.Debug iOS|iPhoneSimulator.ActiveCfg = Debug iOS|Any CPU
		{AD019710-74CB-48F9-AC73-A0508E7860FE}.Debug iOS|Mixed Platforms.ActiveCfg = Debug iOS|Any CPU
		{AD019710-74CB-48F9-AC73-A0508E7860FE}.Debug iOS|Mixed Platforms.Build.0 = Debug iOS|Any CPU
		{AD019710-74CB-48F9-AC73-A0508E7860FE}.Debug|Any CPU.ActiveCfg = Debug|Any CPU
		{AD019710-74CB-48F9-AC73-A0508E7860FE}.Debug|Any CPU.Build.0 = Debug|Any CPU
		{AD019710-74CB-48F9-AC73-A0508E7860FE}.Debug|iPhone.ActiveCfg = Debug|Any CPU
		{AD019710-74CB-48F9-AC73-A0508E7860FE}.Debug|iPhoneSimulator.ActiveCfg = Debug|Any CPU
		{AD019710-74CB-48F9-AC73-A0508E7860FE}.Debug|Mixed Platforms.ActiveCfg = Debug|Any CPU
		{AD019710-74CB-48F9-AC73-A0508E7860FE}.Debug|Mixed Platforms.Build.0 = Debug|Any CPU
		{AD019710-74CB-48F9-AC73-A0508E7860FE}.Release|Any CPU.ActiveCfg = Release|Any CPU
		{AD019710-74CB-48F9-AC73-A0508E7860FE}.Release|Any CPU.Build.0 = Release|Any CPU
		{AD019710-74CB-48F9-AC73-A0508E7860FE}.Release|iPhone.ActiveCfg = Release|Any CPU
		{AD019710-74CB-48F9-AC73-A0508E7860FE}.Release|iPhoneSimulator.ActiveCfg = Release|Any CPU
		{AD019710-74CB-48F9-AC73-A0508E7860FE}.Release|Mixed Platforms.ActiveCfg = Release|Any CPU
		{AD019710-74CB-48F9-AC73-A0508E7860FE}.Release|Mixed Platforms.Build.0 = Release|Any CPU
	EndGlobalSection
	GlobalSection(SolutionProperties) = preSolution
		HideSolutionNode = FALSE
	EndGlobalSection
EndGlobal
